
Microsoft Visual Studio Solution File, Format Version 12.00
# Visual Studio Version 17
VisualStudioVersion = 17.0.31903.59
MinimumVisualStudioVersion = 10.0.40219.1
Project("{FAE04EC0-301F-11D3-BF4B-00C04F79EFBC}") = "api", "api\api.csproj", "{0AA1C658-5A93-4341-85CB-E50D81980BAC}"
EndProject
Project("{FAE04EC0-301F-11D3-BF4B-00C04F79EFBC}") = "Infrastructure", "Infrastructure\Infrastructure.csproj", "{28E1B7A2-9E2F-447B-A783-1902BD9C73CB}"
EndProject
Project("{2150E333-8FDC-42A3-9474-1A3956D46DE8}") = "tests", "tests", "{67835060-98E9-4999-8434-0B0351100639}"
EndProject
Project("{FAE04EC0-301F-11D3-BF4B-00C04F79EFBC}") = "Service", "Service\Service.csproj", "{0A16F9C1-3AC1-4A4F-A1D6-C16B9C0046D9}"
EndProject
Global
	GlobalSection(SolutionConfigurationPlatforms) = preSolution
		Debug|Any CPU = Debug|Any CPU
		Release|Any CPU = Release|Any CPU
	EndGlobalSection
	GlobalSection(SolutionProperties) = preSolution
		HideSolutionNode = FALSE
	EndGlobalSection
	GlobalSection(ProjectConfigurationPlatforms) = postSolution
		{0AA1C658-5A93-4341-85CB-E50D81980BAC}.Debug|Any CPU.ActiveCfg = Debug|Any CPU
		{0AA1C658-5A93-4341-85CB-E50D81980BAC}.Debug|Any CPU.Build.0 = Debug|Any CPU
		{0AA1C658-5A93-4341-85CB-E50D81980BAC}.Release|Any CPU.ActiveCfg = Release|Any CPU
		{0AA1C658-5A93-4341-85CB-E50D81980BAC}.Release|Any CPU.Build.0 = Release|Any CPU
		{28E1B7A2-9E2F-447B-A783-1902BD9C73CB}.Debug|Any CPU.ActiveCfg = Debug|Any CPU
		{28E1B7A2-9E2F-447B-A783-1902BD9C73CB}.Debug|Any CPU.Build.0 = Debug|Any CPU
		{28E1B7A2-9E2F-447B-A783-1902BD9C73CB}.Release|Any CPU.ActiveCfg = Release|Any CPU
		{28E1B7A2-9E2F-447B-A783-1902BD9C73CB}.Release|Any CPU.Build.0 = Release|Any CPU
		{0A16F9C1-3AC1-4A4F-A1D6-C16B9C0046D9}.Debug|Any CPU.ActiveCfg = Debug|Any CPU
		{0A16F9C1-3AC1-4A4F-A1D6-C16B9C0046D9}.Debug|Any CPU.Build.0 = Debug|Any CPU
		{0A16F9C1-3AC1-4A4F-A1D6-C16B9C0046D9}.Release|Any CPU.ActiveCfg = Release|Any CPU
		{0A16F9C1-3AC1-4A4F-A1D6-C16B9C0046D9}.Release|Any CPU.Build.0 = Release|Any CPU
	EndGlobalSection
	GlobalSection(NestedProjects) = preSolution
	EndGlobalSection
EndGlobal
